// !$*UTF8*$!
{
	archiveVersion = 1;
	classes = {
	};
	objectVersion = 50;
	objects = {

/* Begin PBXBuildFile section */
		04F74D4A24D9B4D200CC5AD4 /* AppDelegate.m in Sources */ = {isa = PBXBuildFile; fileRef = 04F74D4924D9B4D200CC5AD4 /* AppDelegate.m */; };
		04F74D4D24D9B4D200CC5AD4 /* SceneDelegate.m in Sources */ = {isa = PBXBuildFile; fileRef = 04F74D4C24D9B4D200CC5AD4 /* SceneDelegate.m */; };
		04F74D5024D9B4D200CC5AD4 /* ViewController.m in Sources */ = {isa = PBXBuildFile; fileRef = 04F74D4F24D9B4D200CC5AD4 /* ViewController.m */; };
		04F74D5324D9B4D200CC5AD4 /* Main.storyboard in Resources */ = {isa = PBXBuildFile; fileRef = 04F74D5124D9B4D200CC5AD4 /* Main.storyboard */; };
		04F74D5524D9B4D400CC5AD4 /* Assets.xcassets in Resources */ = {isa = PBXBuildFile; fileRef = 04F74D5424D9B4D400CC5AD4 /* Assets.xcassets */; };
		04F74D5824D9B4D400CC5AD4 /* LaunchScreen.storyboard in Resources */ = {isa = PBXBuildFile; fileRef = 04F74D5624D9B4D400CC5AD4 /* LaunchScreen.storyboard */; };
		04F74D5B24D9B4D400CC5AD4 /* main.m in Sources */ = {isa = PBXBuildFile; fileRef = 04F74D5A24D9B4D400CC5AD4 /* main.m */; };
		04F74D6524D9B4D400CC5AD4 /* GHSliderTests.m in Sources */ = {isa = PBXBuildFile; fileRef = 04F74D6424D9B4D400CC5AD4 /* GHSliderTests.m */; };
		04F74D7024D9B4D400CC5AD4 /* GHSliderUITests.m in Sources */ = {isa = PBXBuildFile; fileRef = 04F74D6F24D9B4D400CC5AD4 /* GHSliderUITests.m */; };
		04F74D7F24D9B55E00CC5AD4 /* GHSider.m in Sources */ = {isa = PBXBuildFile; fileRef = 04F74D7E24D9B55E00CC5AD4 /* GHSider.m */; };
/* End PBXBuildFile section */

/* Begin PBXContainerItemProxy section */
		04F74D6124D9B4D400CC5AD4 /* PBXContainerItemProxy */ = {
			isa = PBXContainerItemProxy;
			containerPortal = 04F74D3D24D9B4D200CC5AD4 /* Project object */;
			proxyType = 1;
			remoteGlobalIDString = 04F74D4424D9B4D200CC5AD4;
			remoteInfo = GHSlider;
		};
		04F74D6C24D9B4D400CC5AD4 /* PBXContainerItemProxy */ = {
			isa = PBXContainerItemProxy;
			containerPortal = 04F74D3D24D9B4D200CC5AD4 /* Project object */;
			proxyType = 1;
			remoteGlobalIDString = 04F74D4424D9B4D200CC5AD4;
			remoteInfo = GHSlider;
		};
/* End PBXContainerItemProxy section */

/* Begin PBXFileReference section */
		04F74D4524D9B4D200CC5AD4 /* GHSlider.app */ = {isa = PBXFileReference; explicitFileType = wrapper.application; includeInIndex = 0; path = GHSlider.app; sourceTree = BUILT_PRODUCTS_DIR; };
		04F74D4824D9B4D200CC5AD4 /* AppDelegate.h */ = {isa = PBXFileReference; lastKnownFileType = sourcecode.c.h; path = AppDelegate.h; sourceTree = "<group>"; };
		04F74D4924D9B4D200CC5AD4 /* AppDelegate.m */ = {isa = PBXFileReference; lastKnownFileType = sourcecode.c.objc; path = AppDelegate.m; sourceTree = "<group>"; };
		04F74D4B24D9B4D200CC5AD4 /* SceneDelegate.h */ = {isa = PBXFileReference; lastKnownFileType = sourcecode.c.h; path = SceneDelegate.h; sourceTree = "<group>"; };
		04F74D4C24D9B4D200CC5AD4 /* SceneDelegate.m */ = {isa = PBXFileReference; lastKnownFileType = sourcecode.c.objc; path = SceneDelegate.m; sourceTree = "<group>"; };
		04F74D4E24D9B4D200CC5AD4 /* ViewController.h */ = {isa = PBXFileReference; lastKnownFileType = sourcecode.c.h; path = ViewController.h; sourceTree = "<group>"; };
		04F74D4F24D9B4D200CC5AD4 /* ViewController.m */ = {isa = PBXFileReference; lastKnownFileType = sourcecode.c.objc; path = ViewController.m; sourceTree = "<group>"; };
		04F74D5224D9B4D200CC5AD4 /* Base */ = {isa = PBXFileReference; lastKnownFileType = file.storyboard; name = Base; path = Base.lproj/Main.storyboard; sourceTree = "<group>"; };
		04F74D5424D9B4D400CC5AD4 /* Assets.xcassets */ = {isa = PBXFileReference; lastKnownFileType = folder.assetcatalog; path = Assets.xcassets; sourceTree = "<group>"; };
		04F74D5724D9B4D400CC5AD4 /* Base */ = {isa = PBXFileReference; lastKnownFileType = file.storyboard; name = Base; path = Base.lproj/LaunchScreen.storyboard; sourceTree = "<group>"; };
		04F74D5924D9B4D400CC5AD4 /* Info.plist */ = {isa = PBXFileReference; lastKnownFileType = text.plist.xml; path = Info.plist; sourceTree = "<group>"; };
		04F74D5A24D9B4D400CC5AD4 /* main.m */ = {isa = PBXFileReference; lastKnownFileType = sourcecode.c.objc; path = main.m; sourceTree = "<group>"; };
		04F74D6024D9B4D400CC5AD4 /* GHSliderTests.xctest */ = {isa = PBXFileReference; explicitFileType = wrapper.cfbundle; includeInIndex = 0; path = GHSliderTests.xctest; sourceTree = BUILT_PRODUCTS_DIR; };
		04F74D6424D9B4D400CC5AD4 /* GHSliderTests.m */ = {isa = PBXFileReference; lastKnownFileType = sourcecode.c.objc; path = GHSliderTests.m; sourceTree = "<group>"; };
		04F74D6624D9B4D400CC5AD4 /* Info.plist */ = {isa = PBXFileReference; lastKnownFileType = text.plist.xml; path = Info.plist; sourceTree = "<group>"; };
		04F74D6B24D9B4D400CC5AD4 /* GHSliderUITests.xctest */ = {isa = PBXFileReference; explicitFileType = wrapper.cfbundle; includeInIndex = 0; path = GHSliderUITests.xctest; sourceTree = BUILT_PRODUCTS_DIR; };
		04F74D6F24D9B4D400CC5AD4 /* GHSliderUITests.m */ = {isa = PBXFileReference; lastKnownFileType = sourcecode.c.objc; path = GHSliderUITests.m; sourceTree = "<group>"; };
		04F74D7124D9B4D400CC5AD4 /* Info.plist */ = {isa = PBXFileReference; lastKnownFileType = text.plist.xml; path = Info.plist; sourceTree = "<group>"; };
		04F74D7D24D9B55E00CC5AD4 /* GHSider.h */ = {isa = PBXFileReference; lastKnownFileType = sourcecode.c.h; path = GHSider.h; sourceTree = "<group>"; };
		04F74D7E24D9B55E00CC5AD4 /* GHSider.m */ = {isa = PBXFileReference; lastKnownFileType = sourcecode.c.objc; path = GHSider.m; sourceTree = "<group>"; };
/* End PBXFileReference section */

/* Begin PBXFrameworksBuildPhase section */
		04F74D4224D9B4D200CC5AD4 /* Frameworks */ = {
			isa = PBXFrameworksBuildPhase;
			buildActionMask = 2147483647;
			files = (
			);
			runOnlyForDeploymentPostprocessing = 0;
		};
		04F74D5D24D9B4D400CC5AD4 /* Frameworks */ = {
			isa = PBXFrameworksBuildPhase;
			buildActionMask = 2147483647;
			files = (
			);
			runOnlyForDeploymentPostprocessing = 0;
		};
		04F74D6824D9B4D400CC5AD4 /* Frameworks */ = {
			isa = PBXFrameworksBuildPhase;
			buildActionMask = 2147483647;
			files = (
			);
			runOnlyForDeploymentPostprocessing = 0;
		};
/* End PBXFrameworksBuildPhase section */

/* Begin PBXGroup section */
		04F74D3C24D9B4D200CC5AD4 = {
			isa = PBXGroup;
			children = (
				04F74D4724D9B4D200CC5AD4 /* GHSlider */,
				04F74D6324D9B4D400CC5AD4 /* GHSliderTests */,
				04F74D6E24D9B4D400CC5AD4 /* GHSliderUITests */,
				04F74D4624D9B4D200CC5AD4 /* Products */,
			);
			sourceTree = "<group>";
		};
		04F74D4624D9B4D200CC5AD4 /* Products */ = {
			isa = PBXGroup;
			children = (
				04F74D4524D9B4D200CC5AD4 /* GHSlider.app */,
				04F74D6024D9B4D400CC5AD4 /* GHSliderTests.xctest */,
				04F74D6B24D9B4D400CC5AD4 /* GHSliderUITests.xctest */,
			);
			name = Products;
			sourceTree = "<group>";
		};
		04F74D4724D9B4D200CC5AD4 /* GHSlider */ = {
			isa = PBXGroup;
			children = (
				04F74D4824D9B4D200CC5AD4 /* AppDelegate.h */,
				04F74D4924D9B4D200CC5AD4 /* AppDelegate.m */,
				04F74D4B24D9B4D200CC5AD4 /* SceneDelegate.h */,
				04F74D4C24D9B4D200CC5AD4 /* SceneDelegate.m */,
				04F74D4E24D9B4D200CC5AD4 /* ViewController.h */,
				04F74D4F24D9B4D200CC5AD4 /* ViewController.m */,
				04F74D7D24D9B55E00CC5AD4 /* GHSider.h */,
				04F74D7E24D9B55E00CC5AD4 /* GHSider.m */,
				04F74D5124D9B4D200CC5AD4 /* Main.storyboard */,
				04F74D5424D9B4D400CC5AD4 /* Assets.xcassets */,
				04F74D5624D9B4D400CC5AD4 /* LaunchScreen.storyboard */,
				04F74D5924D9B4D400CC5AD4 /* Info.plist */,
				04F74D5A24D9B4D400CC5AD4 /* main.m */,
			);
			path = GHSlider;
			sourceTree = "<group>";
		};
		04F74D6324D9B4D400CC5AD4 /* GHSliderTests */ = {
			isa = PBXGroup;
			children = (
				04F74D6424D9B4D400CC5AD4 /* GHSliderTests.m */,
				04F74D6624D9B4D400CC5AD4 /* Info.plist */,
			);
			path = GHSliderTests;
			sourceTree = "<group>";
		};
		04F74D6E24D9B4D400CC5AD4 /* GHSliderUITests */ = {
			isa = PBXGroup;
			children = (
				04F74D6F24D9B4D400CC5AD4 /* GHSliderUITests.m */,
				04F74D7124D9B4D400CC5AD4 /* Info.plist */,
			);
			path = GHSliderUITests;
			sourceTree = "<group>";
		};
/* End PBXGroup section */

/* Begin PBXNativeTarget section */
		04F74D4424D9B4D200CC5AD4 /* GHSlider */ = {
			isa = PBXNativeTarget;
			buildConfigurationList = 04F74D7424D9B4D400CC5AD4 /* Build configuration list for PBXNativeTarget "GHSlider" */;
			buildPhases = (
				04F74D4124D9B4D200CC5AD4 /* Sources */,
				04F74D4224D9B4D200CC5AD4 /* Frameworks */,
				04F74D4324D9B4D200CC5AD4 /* Resources */,
			);
			buildRules = (
			);
			dependencies = (
			);
			name = GHSlider;
			productName = GHSlider;
			productReference = 04F74D4524D9B4D200CC5AD4 /* GHSlider.app */;
			productType = "com.apple.product-type.application";
		};
		04F74D5F24D9B4D400CC5AD4 /* GHSliderTests */ = {
			isa = PBXNativeTarget;
			buildConfigurationList = 04F74D7724D9B4D400CC5AD4 /* Build configuration list for PBXNativeTarget "GHSliderTests" */;
			buildPhases = (
				04F74D5C24D9B4D400CC5AD4 /* Sources */,
				04F74D5D24D9B4D400CC5AD4 /* Frameworks */,
				04F74D5E24D9B4D400CC5AD4 /* Resources */,
			);
			buildRules = (
			);
			dependencies = (
				04F74D6224D9B4D400CC5AD4 /* PBXTargetDependency */,
			);
			name = GHSliderTests;
			productName = GHSliderTests;
			productReference = 04F74D6024D9B4D400CC5AD4 /* GHSliderTests.xctest */;
			productType = "com.apple.product-type.bundle.unit-test";
		};
		04F74D6A24D9B4D400CC5AD4 /* GHSliderUITests */ = {
			isa = PBXNativeTarget;
			buildConfigurationList = 04F74D7A24D9B4D400CC5AD4 /* Build configuration list for PBXNativeTarget "GHSliderUITests" */;
			buildPhases = (
				04F74D6724D9B4D400CC5AD4 /* Sources */,
				04F74D6824D9B4D400CC5AD4 /* Frameworks */,
				04F74D6924D9B4D400CC5AD4 /* Resources */,
			);
			buildRules = (
			);
			dependencies = (
				04F74D6D24D9B4D400CC5AD4 /* PBXTargetDependency */,
			);
			name = GHSliderUITests;
			productName = GHSliderUITests;
			productReference = 04F74D6B24D9B4D400CC5AD4 /* GHSliderUITests.xctest */;
			productType = "com.apple.product-type.bundle.ui-testing";
		};
/* End PBXNativeTarget section */

/* Begin PBXProject section */
		04F74D3D24D9B4D200CC5AD4 /* Project object */ = {
			isa = PBXProject;
			attributes = {
				LastUpgradeCheck = 1160;
				ORGANIZATIONNAME = mac;
				TargetAttributes = {
					04F74D4424D9B4D200CC5AD4 = {
						CreatedOnToolsVersion = 11.6;
					};
					04F74D5F24D9B4D400CC5AD4 = {
						CreatedOnToolsVersion = 11.6;
						TestTargetID = 04F74D4424D9B4D200CC5AD4;
					};
					04F74D6A24D9B4D400CC5AD4 = {
						CreatedOnToolsVersion = 11.6;
						TestTargetID = 04F74D4424D9B4D200CC5AD4;
					};
				};
			};
			buildConfigurationList = 04F74D4024D9B4D200CC5AD4 /* Build configuration list for PBXProject "GHSlider" */;
			compatibilityVersion = "Xcode 9.3";
			developmentRegion = en;
			hasScannedForEncodings = 0;
			knownRegions = (
				en,
				Base,
			);
			mainGroup = 04F74D3C24D9B4D200CC5AD4;
			productRefGroup = 04F74D4624D9B4D200CC5AD4 /* Products */;
			projectDirPath = "";
			projectRoot = "";
			targets = (
				04F74D4424D9B4D200CC5AD4 /* GHSlider */,
				04F74D5F24D9B4D400CC5AD4 /* GHSliderTests */,
				04F74D6A24D9B4D400CC5AD4 /* GHSliderUITests */,
			);
		};
/* End PBXProject section */

/* Begin PBXResourcesBuildPhase section */
		04F74D4324D9B4D200CC5AD4 /* Resources */ = {
			isa = PBXResourcesBuildPhase;
			buildActionMask = 2147483647;
			files = (
				04F74D5824D9B4D400CC5AD4 /* LaunchScreen.storyboard in Resources */,
				04F74D5524D9B4D400CC5AD4 /* Assets.xcassets in Resources */,
				04F74D5324D9B4D200CC5AD4 /* Main.storyboard in Resources */,
			);
			runOnlyForDeploymentPostprocessing = 0;
		};
		04F74D5E24D9B4D400CC5AD4 /* Resources */ = {
			isa = PBXResourcesBuildPhase;
			buildActionMask = 2147483647;
			files = (
			);
			runOnlyForDeploymentPostprocessing = 0;
		};
		04F74D6924D9B4D400CC5AD4 /* Resources */ = {
			isa = PBXResourcesBuildPhase;
			buildActionMask = 2147483647;
			files = (
			);
			runOnlyForDeploymentPostprocessing = 0;
		};
/* End PBXResourcesBuildPhase section */

/* Begin PBXSourcesBuildPhase section */
		04F74D4124D9B4D200CC5AD4 /* Sources */ = {
			isa = PBXSourcesBuildPhase;
			buildActionMask = 2147483647;
			files = (
				04F74D5024D9B4D200CC5AD4 /* ViewController.m in Sources */,
				04F74D4A24D9B4D200CC5AD4 /* AppDelegate.m in Sources */,
				04F74D5B24D9B4D400CC5AD4 /* main.m in Sources */,
				04F74D4D24D9B4D200CC5AD4 /* SceneDelegate.m in Sources */,
				04F74D7F24D9B55E00CC5AD4 /* GHSider.m in Sources */,
			);
			runOnlyForDeploymentPostprocessing = 0;
		};
		04F74D5C24D9B4D400CC5AD4 /* Sources */ = {
			isa = PBXSourcesBuildPhase;
			buildActionMask = 2147483647;
			files = (
				04F74D6524D9B4D400CC5AD4 /* GHSliderTests.m in Sources */,
			);
			runOnlyForDeploymentPostprocessing = 0;
		};
		04F74D6724D9B4D400CC5AD4 /* Sources */ = {
			isa = PBXSourcesBuildPhase;
			buildActionMask = 2147483647;
			files = (
				04F74D7024D9B4D400CC5AD4 /* GHSliderUITests.m in Sources */,
			);
			runOnlyForDeploymentPostprocessing = 0;
		};
/* End PBXSourcesBuildPhase section */

/* Begin PBXTargetDependency section */
		04F74D6224D9B4D400CC5AD4 /* PBXTargetDependency */ = {
			isa = PBXTargetDependency;
			target = 04F74D4424D9B4D200CC5AD4 /* GHSlider */;
			targetProxy = 04F74D6124D9B4D400CC5AD4 /* PBXContainerItemProxy */;
		};
		04F74D6D24D9B4D400CC5AD4 /* PBXTargetDependency */ = {
			isa = PBXTargetDependency;
			target = 04F74D4424D9B4D200CC5AD4 /* GHSlider */;
			targetProxy = 04F74D6C24D9B4D400CC5AD4 /* PBXContainerItemProxy */;
		};
/* End PBXTargetDependency section */

/* Begin PBXVariantGroup section */
		04F74D5124D9B4D200CC5AD4 /* Main.storyboard */ = {
			isa = PBXVariantGroup;
			children = (
				04F74D5224D9B4D200CC5AD4 /* Base */,
			);
			name = Main.storyboard;
			sourceTree = "<group>";
		};
		04F74D5624D9B4D400CC5AD4 /* LaunchScreen.storyboard */ = {
			isa = PBXVariantGroup;
			children = (
				04F74D5724D9B4D400CC5AD4 /* Base */,
			);
			name = LaunchScreen.storyboard;
			sourceTree = "<group>";
		};
/* End PBXVariantGroup section */

/* Begin XCBuildConfiguration section */
		04F74D7224D9B4D400CC5AD4 /* Debug */ = {
			isa = XCBuildConfiguration;
			buildSettings = {
				ALWAYS_SEARCH_USER_PATHS = NO;
				CLANG_ANALYZER_NONNULL = YES;
				CLANG_ANALYZER_NUMBER_OBJECT_CONVERSION = YES_AGGRESSIVE;
				CLANG_CXX_LANGUAGE_STANDARD = "gnu++14";
				CLANG_CXX_LIBRARY = "libc++";
				CLANG_ENABLE_MODULES = YES;
				CLANG_ENABLE_OBJC_ARC = YES;
				CLANG_ENABLE_OBJC_WEAK = YES;
				CLANG_WARN_BLOCK_CAPTURE_AUTORELEASING = YES;
				CLANG_WARN_BOOL_CONVERSION = YES;
				CLANG_WARN_COMMA = YES;
				CLANG_WARN_CONSTANT_CONVERSION = YES;
				CLANG_WARN_DEPRECATED_OBJC_IMPLEMENTATIONS = YES;
				CLANG_WARN_DIRECT_OBJC_ISA_USAGE = YES_ERROR;
				CLANG_WARN_DOCUMENTATION_COMMENTS = YES;
				CLANG_WARN_EMPTY_BODY = YES;
				CLANG_WARN_ENUM_CONVERSION = YES;
				CLANG_WARN_INFINITE_RECURSION = YES;
				CLANG_WARN_INT_CONVERSION = YES;
				CLANG_WARN_NON_LITERAL_NULL_CONVERSION = YES;
				CLANG_WARN_OBJC_IMPLICIT_RETAIN_SELF = YES;
				CLANG_WARN_OBJC_LITERAL_CONVERSION = YES;
				CLANG_WARN_OBJC_ROOT_CLASS = YES_ERROR;
				CLANG_WARN_RANGE_LOOP_ANALYSIS = YES;
				CLANG_WARN_STRICT_PROTOTYPES = YES;
				CLANG_WARN_SUSPICIOUS_MOVE = YES;
				CLANG_WARN_UNGUARDED_AVAILABILITY = YES_AGGRESSIVE;
				CLANG_WARN_UNREACHABLE_CODE = YES;
				CLANG_WARN__DUPLICATE_METHOD_MATCH = YES;
				COPY_PHASE_STRIP = NO;
				DEBUG_INFORMATION_FORMAT = dwarf;
				ENABLE_STRICT_OBJC_MSGSEND = YES;
				ENABLE_TESTABILITY = YES;
				GCC_C_LANGUAGE_STANDARD = gnu11;
				GCC_DYNAMIC_NO_PIC = NO;
				GCC_NO_COMMON_BLOCKS = YES;
				GCC_OPTIMIZATION_LEVEL = 0;
				GCC_PREPROCESSOR_DEFINITIONS = (
					"DEBUG=1",
					"$(inherited)",
				);
				GCC_WARN_64_TO_32_BIT_CONVERSION = YES;
				GCC_WARN_ABOUT_RETURN_TYPE = YES_ERROR;
				GCC_WARN_UNDECLARED_SELECTOR = YES;
				GCC_WARN_UNINITIALIZED_AUTOS = YES_AGGRESSIVE;
				GCC_WARN_UNUSED_FUNCTION = YES;
				GCC_WARN_UNUSED_VARIABLE = YES;
				IPHONEOS_DEPLOYMENT_TARGET = 13.6;
				MTL_ENABLE_DEBUG_INFO = INCLUDE_SOURCE;
				MTL_FAST_MATH = YES;
				ONLY_ACTIVE_ARCH = YES;
				SDKROOT = iphoneos;
			};
			name = Debug;
		};
		04F74D7324D9B4D400CC5AD4 /* Release */ = {
			isa = XCBuildConfiguration;
			buildSettings = {
				ALWAYS_SEARCH_USER_PATHS = NO;
				CLANG_ANALYZER_NONNULL = YES;
				CLANG_ANALYZER_NUMBER_OBJECT_CONVERSION = YES_AGGRESSIVE;
				CLANG_CXX_LANGUAGE_STANDARD = "gnu++14";
				CLANG_CXX_LIBRARY = "libc++";
				CLANG_ENABLE_MODULES = YES;
				CLANG_ENABLE_OBJC_ARC = YES;
				CLANG_ENABLE_OBJC_WEAK = YES;
				CLANG_WARN_BLOCK_CAPTURE_AUTORELEASING = YES;
				CLANG_WARN_BOOL_CONVERSION = YES;
				CLANG_WARN_COMMA = YES;
				CLANG_WARN_CONSTANT_CONVERSION = YES;
				CLANG_WARN_DEPRECATED_OBJC_IMPLEMENTATIONS = YES;
				CLANG_WARN_DIRECT_OBJC_ISA_USAGE = YES_ERROR;
				CLANG_WARN_DOCUMENTATION_COMMENTS = YES;
				CLANG_WARN_EMPTY_BODY = YES;
				CLANG_WARN_ENUM_CONVERSION = YES;
				CLANG_WARN_INFINITE_RECURSION = YES;
				CLANG_WARN_INT_CONVERSION = YES;
				CLANG_WARN_NON_LITERAL_NULL_CONVERSION = YES;
				CLANG_WARN_OBJC_IMPLICIT_RETAIN_SELF = YES;
				CLANG_WARN_OBJC_LITERAL_CONVERSION = YES;
				CLANG_WARN_OBJC_ROOT_CLASS = YES_ERROR;
				CLANG_WARN_RANGE_LOOP_ANALYSIS = YES;
				CLANG_WARN_STRICT_PROTOTYPES = YES;
				CLANG_WARN_SUSPICIOUS_MOVE = YES;
				CLANG_WARN_UNGUARDED_AVAILABILITY = YES_AGGRESSIVE;
				CLANG_WARN_UNREACHABLE_CODE = YES;
				CLANG_WARN__DUPLICATE_METHOD_MATCH = YES;
				COPY_PHASE_STRIP = NO;
				DEBUG_INFORMATION_FORMAT = "dwarf-with-dsym";
				ENABLE_NS_ASSERTIONS = NO;
				ENABLE_STRICT_OBJC_MSGSEND = YES;
				GCC_C_LANGUAGE_STANDARD = gnu11;
				GCC_NO_COMMON_BLOCKS = YES;
				GCC_WARN_64_TO_32_BIT_CONVERSION = YES;
				GCC_WARN_ABOUT_RETURN_TYPE = YES_ERROR;
				GCC_WARN_UNDECLARED_SELECTOR = YES;
				GCC_WARN_UNINITIALIZED_AUTOS = YES_AGGRESSIVE;
				GCC_WARN_UNUSED_FUNCTION = YES;
				GCC_WARN_UNUSED_VARIABLE = YES;
				IPHONEOS_DEPLOYMENT_TARGET = 13.6;
				MTL_ENABLE_DEBUG_INFO = NO;
				MTL_FAST_MATH = YES;
				SDKROOT = iphoneos;
				VALIDATE_PRODUCT = YES;
			};
			name = Release;
		};
		04F74D7524D9B4D400CC5AD4 /* Debug */ = {
			isa = XCBuildConfiguration;
			buildSettings = {
				ASSETCATALOG_COMPILER_APPICON_NAME = AppIcon;
				CODE_SIGN_STYLE = Automatic;
				INFOPLIST_FILE = GHSlider/Info.plist;
				LD_RUNPATH_SEARCH_PATHS = (
					"$(inherited)",
					"@executable_path/Frameworks",
				);
				PRODUCT_BUNDLE_IDENTIFIER = mac.GHSlider;
				PRODUCT_NAME = "$(TARGET_NAME)";
				TARGETED_DEVICE_FAMILY = "1,2";
			};
			name = Debug;
		};
		04F74D7624D9B4D400CC5AD4 /* Release */ = {
			isa = XCBuildConfiguration;
			buildSettings = {
				ASSETCATALOG_COMPILER_APPICON_NAME = AppIcon;
				CODE_SIGN_STYLE = Automatic;
				INFOPLIST_FILE = GHSlider/Info.plist;
				LD_RUNPATH_SEARCH_PATHS = (
					"$(inherited)",
					"@executable_path/Frameworks",
				);
				PRODUCT_BUNDLE_IDENTIFIER = mac.GHSlider;
				PRODUCT_NAME = "$(TARGET_NAME)";
				TARGETED_DEVICE_FAMILY = "1,2";
			};
			name = Release;
		};
		04F74D7824D9B4D400CC5AD4 /* Debug */ = {
			isa = XCBuildConfiguration;
			buildSettings = {
				BUNDLE_LOADER = "$(TEST_HOST)";
				CODE_SIGN_STYLE = Automatic;
				INFOPLIST_FILE = GHSliderTests/Info.plist;
				IPHONEOS_DEPLOYMENT_TARGET = 13.6;
				LD_RUNPATH_SEARCH_PATHS = (
					"$(inherited)",
					"@executable_path/Frameworks",
					"@loader_path/Frameworks",
				);
				PRODUCT_BUNDLE_IDENTIFIER = mac.GHSliderTests;
				PRODUCT_NAME = "$(TARGET_NAME)";
				TARGETED_DEVICE_FAMILY = "1,2";
				TEST_HOST = "$(BUILT_PRODUCTS_DIR)/GHSlider.app/GHSlider";
			};
			name = Debug;
		};
		04F74D7924D9B4D400CC5AD4 /* Release */ = {
			isa = XCBuildConfiguration;
			buildSettings = {
				BUNDLE_LOADER = "$(TEST_HOST)";
				CODE_SIGN_STYLE = Automatic;
				INFOPLIST_FILE = GHSliderTests/Info.plist;
				IPHONEOS_DEPLOYMENT_TARGET = 13.6;
				LD_RUNPATH_SEARCH_PATHS = (
					"$(inherited)",
					"@executable_path/Frameworks",
					"@loader_path/Frameworks",
				);
				PRODUCT_BUNDLE_IDENTIFIER = mac.GHSliderTests;
				PRODUCT_NAME = "$(TARGET_NAME)";
				TARGETED_DEVICE_FAMILY = "1,2";
				TEST_HOST = "$(BUILT_PRODUCTS_DIR)/GHSlider.app/GHSlider";
			};
			name = Release;
		};
		04F74D7B24D9B4D400CC5AD4 /* Debug */ = {
			isa = XCBuildConfiguration;
			buildSettings = {
				CODE_SIGN_STYLE = Automatic;
				INFOPLIST_FILE = GHSliderUITests/Info.plist;
				LD_RUNPATH_SEARCH_PATHS = (
					"$(inherited)",
					"@executable_path/Frameworks",
					"@loader_path/Frameworks",
				);
				PRODUCT_BUNDLE_IDENTIFIER = mac.GHSliderUITests;
				PRODUCT_NAME = "$(TARGET_NAME)";
				TARGETED_DEVICE_FAMILY = "1,2";
				TEST_TARGET_NAME = GHSlider;
			};
			name = Debug;
		};
		04F74D7C24D9B4D400CC5AD4 /* Release */ = {
			isa = XCBuildConfiguration;
			buildSettings = {
				CODE_SIGN_STYLE = Automatic;
				INFOPLIST_FILE = GHSliderUITests/Info.plist;
				LD_RUNPATH_SEARCH_PATHS = (
					"$(inherited)",
					"@executable_path/Frameworks",
					"@loader_path/Frameworks",
				);
				PRODUCT_BUNDLE_IDENTIFIER = mac.GHSliderUITests;
				PRODUCT_NAME = "$(TARGET_NAME)";
				TARGETED_DEVICE_FAMILY = "1,2";
				TEST_TARGET_NAME = GHSlider;
			};
			name = Release;
		};
/* End XCBuildConfiguration section */

/* Begin XCConfigurationList section */
		04F74D4024D9B4D200CC5AD4 /* Build configuration list for PBXProject "GHSlider" */ = {
			isa = XCConfigurationList;
			buildConfigurations = (
				04F74D7224D9B4D400CC5AD4 /* Debug */,
				04F74D7324D9B4D400CC5AD4 /* Release */,
			);
			defaultConfigurationIsVisible = 0;
			defaultConfigurationName = Release;
		};
		04F74D7424D9B4D400CC5AD4 /* Build configuration list for PBXNativeTarget "GHSlider" */ = {
			isa = XCConfigurationList;
			buildConfigurations = (
				04F74D7524D9B4D400CC5AD4 /* Debug */,
				04F74D7624D9B4D400CC5AD4 /* Release */,
			);
			defaultConfigurationIsVisible = 0;
			defaultConfigurationName = Release;
		};
		04F74D7724D9B4D400CC5AD4 /* Build configuration list for PBXNativeTarget "GHSliderTests" */ = {
			isa = XCConfigurationList;
			buildConfigurations = (
				04F74D7824D9B4D400CC5AD4 /* Debug */,
				04F74D7924D9B4D400CC5AD4 /* Release */,
			);
			defaultConfigurationIsVisible = 0;
			defaultConfigurationName = Release;
		};
		04F74D7A24D9B4D400CC5AD4 /* Build configuration list for PBXNativeTarget "GHSliderUITests" */ = {
			isa = XCConfigurationList;
			buildConfigurations = (
				04F74D7B24D9B4D400CC5AD4 /* Debug */,
				04F74D7C24D9B4D400CC5AD4 /* Release */,
			);
			defaultConfigurationIsVisible = 0;
			defaultConfigurationName = Release;
		};
/* End XCConfigurationList section */
	};
	rootObject = 04F74D3D24D9B4D200CC5AD4 /* Project object */;
}
